name: "Lock closed PRs"

on:
    schedule:
        - cron: "0 3 * * *" # every day at 03:00 UTC
    workflow_dispatch:

jobs:
    lock:
        runs-on: ubuntu-latest

        steps:
            - uses: dessant/lock-threads@v5
              with:
                  github-token: ${{ secrets.GITHUB_TOKEN }}

                  pr-inactive-days: 150

                  pr-comment: >
                      This pull request has been automatically locked because it has been closed for 150 days.
                      Please open a new PR if you want to continue the work.

                  exclude-pr-labels: "keep-open,no-lock"
